
Microsoft Visual Studio Solution File, Format Version 12.00
# Visual Studio 2013
VisualStudioVersion = 12.0.40629.0
MinimumVisualStudioVersion = 10.0.40219.1
Project("{00D1A9C2-B5F0-4AF3-8072-F6C62B433612}") = "Final Project 1", "Final Project 1\Final Project 1.sqlproj", "{A9997C7A-6831-4A5F-B775-C5EC1E06BEE8}"
EndProject
Project("{FAE04EC0-301F-11D3-BF4B-00C04F79EFBC}") = "Final Project MVC", "Final Project MVC\Final Project MVC.csproj", "{53B46787-80E8-4094-86C0-1C1ACA8772D9}"
EndProject
Global
	GlobalSection(SolutionConfigurationPlatforms) = preSolution
		Debug|Any CPU = Debug|Any CPU
		Release|Any CPU = Release|Any CPU
	EndGlobalSection
	GlobalSection(ProjectConfigurationPlatforms) = postSolution
		{A9997C7A-6831-4A5F-B775-C5EC1E06BEE8}.Debug|Any CPU.ActiveCfg = Debug|Any CPU
		{A9997C7A-6831-4A5F-B775-C5EC1E06BEE8}.Debug|Any CPU.Build.0 = Debug|Any CPU
		{A9997C7A-6831-4A5F-B775-C5EC1E06BEE8}.Debug|Any CPU.Deploy.0 = Debug|Any CPU
		{A9997C7A-6831-4A5F-B775-C5EC1E06BEE8}.Release|Any CPU.ActiveCfg = Release|Any CPU
		{A9997C7A-6831-4A5F-B775-C5EC1E06BEE8}.Release|Any CPU.Build.0 = Release|Any CPU
		{A9997C7A-6831-4A5F-B775-C5EC1E06BEE8}.Release|Any CPU.Deploy.0 = Release|Any CPU
		{53B46787-80E8-4094-86C0-1C1ACA8772D9}.Debug|Any CPU.ActiveCfg = Debug|Any CPU
		{53B46787-80E8-4094-86C0-1C1ACA8772D9}.Debug|Any CPU.Build.0 = Debug|Any CPU
		{53B46787-80E8-4094-86C0-1C1ACA8772D9}.Release|Any CPU.ActiveCfg = Release|Any CPU
		{53B46787-80E8-4094-86C0-1C1ACA8772D9}.Release|Any CPU.Build.0 = Release|Any CPU
	EndGlobalSection
	GlobalSection(SolutionProperties) = preSolution
		HideSolutionNode = FALSE
	EndGlobalSection
EndGlobal
